
Microsoft Visual Studio Solution File, Format Version 12.00
# Visual Studio Version 17
VisualStudioVersion = 17.7.34221.43
MinimumVisualStudioVersion = 10.0.40219.1
Project("{FAE04EC0-301F-11D3-BF4B-00C04F79EFBC}") = "Dziedziczenie", "Dziedziczenie\Dziedziczenie.csproj", "{A647AF73-3382-4BE5-8394-8900C5768769}"
EndProject
Global
	GlobalSection(SolutionConfigurationPlatforms) = preSolution
		Debug|Any CPU = Debug|Any CPU
		Release|Any CPU = Release|Any CPU
	EndGlobalSection
	GlobalSection(ProjectConfigurationPlatforms) = postSolution
		{A647AF73-3382-4BE5-8394-8900C5768769}.Debug|Any CPU.ActiveCfg = Debug|Any CPU
		{A647AF73-3382-4BE5-8394-8900C5768769}.Debug|Any CPU.Build.0 = Debug|Any CPU
		{A647AF73-3382-4BE5-8394-8900C5768769}.Release|Any CPU.ActiveCfg = Release|Any CPU
		{A647AF73-3382-4BE5-8394-8900C5768769}.Release|Any CPU.Build.0 = Release|Any CPU
	EndGlobalSection
	GlobalSection(SolutionProperties) = preSolution
		HideSolutionNode = FALSE
	EndGlobalSection
	GlobalSection(ExtensibilityGlobals) = postSolution
		SolutionGuid = {5C664F98-4E68-4225-83C8-3F8B1D41629E}
	EndGlobalSection
EndGlobal
