
Microsoft Visual Studio Solution File, Format Version 12.00
# Visual Studio Version 17
VisualStudioVersion = 17.7.34221.43
MinimumVisualStudioVersion = 10.0.40219.1
Project("{FAE04EC0-301F-11D3-BF4B-00C04F79EFBC}") = "projekt_4", "projekt_4\projekt_4.csproj", "{B6AB88D7-18D0-4468-852D-4EBC3CC7E14E}"
EndProject
Global
	GlobalSection(SolutionConfigurationPlatforms) = preSolution
		Debug|Any CPU = Debug|Any CPU
		Release|Any CPU = Release|Any CPU
	EndGlobalSection
	GlobalSection(ProjectConfigurationPlatforms) = postSolution
		{B6AB88D7-18D0-4468-852D-4EBC3CC7E14E}.Debug|Any CPU.ActiveCfg = Debug|Any CPU
		{B6AB88D7-18D0-4468-852D-4EBC3CC7E14E}.Debug|Any CPU.Build.0 = Debug|Any CPU
		{B6AB88D7-18D0-4468-852D-4EBC3CC7E14E}.Release|Any CPU.ActiveCfg = Release|Any CPU
		{B6AB88D7-18D0-4468-852D-4EBC3CC7E14E}.Release|Any CPU.Build.0 = Release|Any CPU
	EndGlobalSection
	GlobalSection(SolutionProperties) = preSolution
		HideSolutionNode = FALSE
	EndGlobalSection
	GlobalSection(ExtensibilityGlobals) = postSolution
		SolutionGuid = {9BF1CFDB-B51A-4F01-915A-5E0E463A9CD7}
	EndGlobalSection
EndGlobal
